
Microsoft Visual Studio Solution File, Format Version 12.00
# Visual Studio Version 16
VisualStudioVersion = 16.0.29509.3
MinimumVisualStudioVersion = 10.0.40219.1
Project("{FAE04EC0-301F-11D3-BF4B-00C04F79EFBC}") = "SecureLocker2", "SecureLocker2\SecureLocker2.csproj", "{ACB2842C-862D-4DE1-B169-B3091566DD1B}"
EndProject
Global
	GlobalSection(SolutionConfigurationPlatforms) = preSolution
		Debug|Any CPU = Debug|Any CPU
		Release|Any CPU = Release|Any CPU
	EndGlobalSection
	GlobalSection(ProjectConfigurationPlatforms) = postSolution
		{ACB2842C-862D-4DE1-B169-B3091566DD1B}.Debug|Any CPU.ActiveCfg = Debug|Any CPU
		{ACB2842C-862D-4DE1-B169-B3091566DD1B}.Debug|Any CPU.Build.0 = Debug|Any CPU
		{ACB2842C-862D-4DE1-B169-B3091566DD1B}.Release|Any CPU.ActiveCfg = Release|Any CPU
		{ACB2842C-862D-4DE1-B169-B3091566DD1B}.Release|Any CPU.Build.0 = Release|Any CPU
	EndGlobalSection
	GlobalSection(SolutionProperties) = preSolution
		HideSolutionNode = FALSE
	EndGlobalSection
	GlobalSection(ExtensibilityGlobals) = postSolution
		SolutionGuid = {B72DDDD9-3D22-434B-8A4E-4EA4BC6626D9}
	EndGlobalSection
EndGlobal
